{
  "version": 4,
  "terraform_version": "1.1.7",
  "serial": 236,
  "lineage": "6587179b-6281-cd06-972b-9bf066ecf825",
  "outputs": {},
  "resources": [
    {
      "mode": "data",
      "type": "azurerm_public_ip",
      "name": "ip-exTerraformIaaS-data",
      "provider": "provider[\"registry.terraform.io/hashicorp/azurerm\"]",
      "instances": [
        {
          "schema_version": 0,
          "attributes": {
            "allocation_method": "Static",
            "domain_name_label": "",
            "fqdn": "",
            "id": "/subscriptions/daea7f70-75e9-403a-90e2-4cd0fd20a08b/resourceGroups/exTerraformIaaS/providers/Microsoft.Network/publicIPAddresses/publicip",
            "idle_timeout_in_minutes": 4,
            "ip_address": "20.226.43.232",
            "ip_tags": {},
            "ip_version": "IPv4",
            "location": "brazilsouth",
            "name": "publicip",
            "resource_group_name": "exTerraformIaaS",
            "reverse_fqdn": "",
            "sku": "Basic",
            "tags": {},
            "timeouts": null,
            "zones": []
          },
          "sensitive_attributes": []
        }
      ]
    },
    {
      "mode": "managed",
      "type": "azurerm_linux_virtual_machine",
      "name": "vm-exTerraformIaaS",
      "provider": "provider[\"registry.terraform.io/hashicorp/azurerm\"]",
      "instances": [
        {
          "schema_version": 0,
          "attributes": {
            "additional_capabilities": [],
            "admin_password": "Password1234!",
            "admin_ssh_key": [],
            "admin_username": "adminuser",
            "allow_extension_operations": true,
            "availability_set_id": "",
            "boot_diagnostics": [
              {
                "storage_account_uri": "https://exterraformiaas.blob.core.windows.net/"
              }
            ],
            "computer_name": "vmLinux",
            "custom_data": null,
            "dedicated_host_group_id": "",
            "dedicated_host_id": "",
            "disable_password_authentication": false,
            "edge_zone": "",
            "encryption_at_host_enabled": false,
            "eviction_policy": "",
            "extensions_time_budget": "PT1H30M",
            "id": "/subscriptions/daea7f70-75e9-403a-90e2-4cd0fd20a08b/resourceGroups/exTerraformIaaS/providers/Microsoft.Compute/virtualMachines/vmLinux",
            "identity": [],
            "license_type": "",
            "location": "brazilsouth",
            "max_bid_price": -1,
            "name": "vmLinux",
            "network_interface_ids": [
              "/subscriptions/daea7f70-75e9-403a-90e2-4cd0fd20a08b/resourceGroups/exTerraformIaaS/providers/Microsoft.Network/networkInterfaces/networkInterface"
            ],
            "os_disk": [
              {
                "caching": "ReadWrite",
                "diff_disk_settings": [],
                "disk_encryption_set_id": "",
                "disk_size_gb": 30,
                "name": "osDisk",
                "storage_account_type": "Premium_LRS",
                "write_accelerator_enabled": false
              }
            ],
            "patch_mode": "ImageDefault",
            "plan": [],
            "platform_fault_domain": -1,
            "priority": "Regular",
            "private_ip_address": "10.0.1.4",
            "private_ip_addresses": [
              "10.0.1.4"
            ],
            "provision_vm_agent": true,
            "proximity_placement_group_id": "",
            "public_ip_address": "20.226.43.232",
            "public_ip_addresses": [
              "20.226.43.232"
            ],
            "resource_group_name": "exTerraformIaaS",
            "secret": [],
            "secure_boot_enabled": false,
            "size": "Standard_E2bs_v5",
            "source_image_id": "",
            "source_image_reference": [
              {
                "offer": "UbuntuServer",
                "publisher": "Canonical",
                "sku": "16.04-LTS",
                "version": "latest"
              }
            ],
            "tags": null,
            "termination_notification": null,
            "timeouts": null,
            "user_data": "",
            "virtual_machine_id": "8e8933ea-c30f-47ef-a12a-8ebba1e11ca6",
            "virtual_machine_scale_set_id": "",
            "vtpm_enabled": false,
            "zone": ""
          },
          "sensitive_attributes": [],
          "private": "eyJlMmJmYjczMC1lY2FhLTExZTYtOGY4OC0zNDM2M2JjN2M0YzAiOnsiY3JlYXRlIjoyNzAwMDAwMDAwMDAwLCJkZWxldGUiOjI3MDAwMDAwMDAwMDAsInJlYWQiOjMwMDAwMDAwMDAwMCwidXBkYXRlIjoyNzAwMDAwMDAwMDAwfX0=",
          "dependencies": [
            "azurerm_network_interface.ni-exTerraformIaaS",
            "azurerm_public_ip.ip-exTerraformIaaS",
            "azurerm_resource_group.rg-exTerraformIaaS",
            "azurerm_storage_account.sa-exTerraformIaaS",
            "azurerm_subnet.sn-exTerraformIaaS",
            "azurerm_virtual_network.vn-exTerraformIaaS"
          ]
        }
      ]
    },
    {
      "mode": "managed",
      "type": "azurerm_network_interface",
      "name": "ni-exTerraformIaaS",
      "provider": "provider[\"registry.terraform.io/hashicorp/azurerm\"]",
      "instances": [
        {
          "schema_version": 0,
          "attributes": {
            "applied_dns_servers": [],
            "dns_servers": [],
            "edge_zone": "",
            "enable_accelerated_networking": false,
            "enable_ip_forwarding": false,
            "id": "/subscriptions/daea7f70-75e9-403a-90e2-4cd0fd20a08b/resourceGroups/exTerraformIaaS/providers/Microsoft.Network/networkInterfaces/networkInterface",
            "internal_dns_name_label": "",
            "internal_domain_name_suffix": "xifn1oogec1uba5yonl5awnwnf.nx.internal.cloudapp.net",
            "ip_configuration": [
              {
                "gateway_load_balancer_frontend_ip_configuration_id": "",
                "name": "interface",
                "primary": true,
                "private_ip_address": "10.0.1.4",
                "private_ip_address_allocation": "Dynamic",
                "private_ip_address_version": "IPv4",
                "public_ip_address_id": "/subscriptions/daea7f70-75e9-403a-90e2-4cd0fd20a08b/resourceGroups/exTerraformIaaS/providers/Microsoft.Network/publicIPAddresses/publicip",
                "subnet_id": "/subscriptions/daea7f70-75e9-403a-90e2-4cd0fd20a08b/resourceGroups/exTerraformIaaS/providers/Microsoft.Network/virtualNetworks/virtualNetwork/subnets/subNet"
              }
            ],
            "location": "brazilsouth",
            "mac_address": "",
            "name": "networkInterface",
            "private_ip_address": "10.0.1.4",
            "private_ip_addresses": [
              "10.0.1.4"
            ],
            "resource_group_name": "exTerraformIaaS",
            "tags": null,
            "timeouts": null,
            "virtual_machine_id": ""
          },
          "sensitive_attributes": [],
          "private": "eyJlMmJmYjczMC1lY2FhLTExZTYtOGY4OC0zNDM2M2JjN2M0YzAiOnsiY3JlYXRlIjoxODAwMDAwMDAwMDAwLCJkZWxldGUiOjE4MDAwMDAwMDAwMDAsInJlYWQiOjMwMDAwMDAwMDAwMCwidXBkYXRlIjoxODAwMDAwMDAwMDAwfX0=",
          "dependencies": [
            "azurerm_public_ip.ip-exTerraformIaaS",
            "azurerm_resource_group.rg-exTerraformIaaS",
            "azurerm_subnet.sn-exTerraformIaaS",
            "azurerm_virtual_network.vn-exTerraformIaaS"
          ]
        }
      ]
    },
    {
      "mode": "managed",
      "type": "azurerm_network_interface_security_group_association",
      "name": "ga-exTerraformIaaS",
      "provider": "provider[\"registry.terraform.io/hashicorp/azurerm\"]",
      "instances": [
        {
          "schema_version": 0,
          "attributes": {
            "id": "/subscriptions/daea7f70-75e9-403a-90e2-4cd0fd20a08b/resourceGroups/exTerraformIaaS/providers/Microsoft.Network/networkInterfaces/networkInterface|/subscriptions/daea7f70-75e9-403a-90e2-4cd0fd20a08b/resourceGroups/exTerraformIaaS/providers/Microsoft.Network/networkSecurityGroups/securityGroup",
            "network_interface_id": "/subscriptions/daea7f70-75e9-403a-90e2-4cd0fd20a08b/resourceGroups/exTerraformIaaS/providers/Microsoft.Network/networkInterfaces/networkInterface",
            "network_security_group_id": "/subscriptions/daea7f70-75e9-403a-90e2-4cd0fd20a08b/resourceGroups/exTerraformIaaS/providers/Microsoft.Network/networkSecurityGroups/securityGroup",
            "timeouts": null
          },
          "sensitive_attributes": [],
          "private": "eyJlMmJmYjczMC1lY2FhLTExZTYtOGY4OC0zNDM2M2JjN2M0YzAiOnsiY3JlYXRlIjoxODAwMDAwMDAwMDAwLCJkZWxldGUiOjE4MDAwMDAwMDAwMDAsInJlYWQiOjMwMDAwMDAwMDAwMCwidXBkYXRlIjoxODAwMDAwMDAwMDAwfX0=",
          "dependencies": [
            "azurerm_network_interface.ni-exTerraformIaaS",
            "azurerm_network_security_group.sg-exTerraformIaaS",
            "azurerm_public_ip.ip-exTerraformIaaS",
            "azurerm_resource_group.rg-exTerraformIaaS",
            "azurerm_subnet.sn-exTerraformIaaS",
            "azurerm_virtual_network.vn-exTerraformIaaS"
          ]
        }
      ]
    },
    {
      "mode": "managed",
      "type": "azurerm_network_security_group",
      "name": "sg-exTerraformIaaS",
      "provider": "provider[\"registry.terraform.io/hashicorp/azurerm\"]",
      "instances": [
        {
          "schema_version": 0,
          "attributes": {
            "id": "/subscriptions/daea7f70-75e9-403a-90e2-4cd0fd20a08b/resourceGroups/exTerraformIaaS/providers/Microsoft.Network/networkSecurityGroups/securityGroup",
            "location": "brazilsouth",
            "name": "securityGroup",
            "resource_group_name": "exTerraformIaaS",
            "security_rule": [
              {
                "access": "Allow",
                "description": "",
                "destination_address_prefix": "*",
                "destination_address_prefixes": [],
                "destination_application_security_group_ids": [],
                "destination_port_range": "22",
                "destination_port_ranges": [],
                "direction": "Inbound",
                "name": "SSH",
                "priority": 100,
                "protocol": "Tcp",
                "source_address_prefix": "*",
                "source_address_prefixes": [],
                "source_application_security_group_ids": [],
                "source_port_range": "*",
                "source_port_ranges": []
              },
              {
                "access": "Allow",
                "description": "",
                "destination_address_prefix": "*",
                "destination_address_prefixes": [],
                "destination_application_security_group_ids": [],
                "destination_port_range": "80",
                "destination_port_ranges": [],
                "direction": "Inbound",
                "name": "HTTP",
                "priority": 101,
                "protocol": "Tcp",
                "source_address_prefix": "*",
                "source_address_prefixes": [],
                "source_application_security_group_ids": [],
                "source_port_range": "*",
                "source_port_ranges": []
              }
            ],
            "tags": null,
            "timeouts": null
          },
          "sensitive_attributes": [],
          "private": "eyJlMmJmYjczMC1lY2FhLTExZTYtOGY4OC0zNDM2M2JjN2M0YzAiOnsiY3JlYXRlIjoxODAwMDAwMDAwMDAwLCJkZWxldGUiOjE4MDAwMDAwMDAwMDAsInJlYWQiOjMwMDAwMDAwMDAwMCwidXBkYXRlIjoxODAwMDAwMDAwMDAwfX0=",
          "dependencies": [
            "azurerm_resource_group.rg-exTerraformIaaS"
          ]
        }
      ]
    },
    {
      "mode": "managed",
      "type": "azurerm_public_ip",
      "name": "ip-exTerraformIaaS",
      "provider": "provider[\"registry.terraform.io/hashicorp/azurerm\"]",
      "instances": [
        {
          "schema_version": 0,
          "attributes": {
            "allocation_method": "Static",
            "domain_name_label": null,
            "edge_zone": "",
            "fqdn": null,
            "id": "/subscriptions/daea7f70-75e9-403a-90e2-4cd0fd20a08b/resourceGroups/exTerraformIaaS/providers/Microsoft.Network/publicIPAddresses/publicip",
            "idle_timeout_in_minutes": 4,
            "ip_address": "20.226.43.232",
            "ip_tags": null,
            "ip_version": "IPv4",
            "location": "brazilsouth",
            "name": "publicip",
            "public_ip_prefix_id": null,
            "resource_group_name": "exTerraformIaaS",
            "reverse_fqdn": null,
            "sku": "Basic",
            "sku_tier": "Regional",
            "tags": null,
            "timeouts": null,
            "zones": null
          },
          "sensitive_attributes": [],
          "private": "eyJlMmJmYjczMC1lY2FhLTExZTYtOGY4OC0zNDM2M2JjN2M0YzAiOnsiY3JlYXRlIjoxODAwMDAwMDAwMDAwLCJkZWxldGUiOjE4MDAwMDAwMDAwMDAsInJlYWQiOjMwMDAwMDAwMDAwMCwidXBkYXRlIjoxODAwMDAwMDAwMDAwfX0=",
          "dependencies": [
            "azurerm_resource_group.rg-exTerraformIaaS"
          ]
        }
      ]
    },
    {
      "mode": "managed",
      "type": "azurerm_resource_group",
      "name": "rg-exTerraformIaaS",
      "provider": "provider[\"registry.terraform.io/hashicorp/azurerm\"]",
      "instances": [
        {
          "schema_version": 0,
          "attributes": {
            "id": "/subscriptions/daea7f70-75e9-403a-90e2-4cd0fd20a08b/resourceGroups/exTerraformIaaS",
            "location": "brazilsouth",
            "name": "exTerraformIaaS",
            "tags": null,
            "timeouts": null
          },
          "sensitive_attributes": [],
          "private": "eyJlMmJmYjczMC1lY2FhLTExZTYtOGY4OC0zNDM2M2JjN2M0YzAiOnsiY3JlYXRlIjo1NDAwMDAwMDAwMDAwLCJkZWxldGUiOjU0MDAwMDAwMDAwMDAsInJlYWQiOjMwMDAwMDAwMDAwMCwidXBkYXRlIjo1NDAwMDAwMDAwMDAwfX0="
        }
      ]
    },
    {
      "mode": "managed",
      "type": "azurerm_storage_account",
      "name": "sa-exTerraformIaaS",
      "provider": "provider[\"registry.terraform.io/hashicorp/azurerm\"]",
      "instances": [
        {
          "schema_version": 3,
          "attributes": {
            "access_tier": "Hot",
            "account_kind": "StorageV2",
            "account_replication_type": "LRS",
            "account_tier": "Standard",
            "allow_nested_items_to_be_public": true,
            "azure_files_authentication": [],
            "blob_properties": [
              {
                "change_feed_enabled": false,
                "container_delete_retention_policy": [],
                "cors_rule": [],
                "default_service_version": "",
                "delete_retention_policy": [],
                "last_access_time_enabled": false,
                "versioning_enabled": false
              }
            ],
            "custom_domain": [],
            "customer_managed_key": [],
            "edge_zone": "",
            "enable_https_traffic_only": true,
            "id": "/subscriptions/daea7f70-75e9-403a-90e2-4cd0fd20a08b/resourceGroups/exTerraformIaaS/providers/Microsoft.Storage/storageAccounts/exterraformiaas",
            "identity": [],
            "infrastructure_encryption_enabled": false,
            "is_hns_enabled": false,
            "large_file_share_enabled": null,
            "location": "brazilsouth",
            "min_tls_version": "TLS1_2",
            "name": "exterraformiaas",
            "network_rules": [
              {
                "bypass": [
                  "AzureServices"
                ],
                "default_action": "Allow",
                "ip_rules": [],
                "private_link_access": [],
                "virtual_network_subnet_ids": []
              }
            ],
            "nfsv3_enabled": false,
            "primary_access_key": "2ZEVX2PzvhkylbQMLqPcM7j4BQszGTh5XDJzudki6PClbgb9SGT0UCoH/UllvXQcKQj+Y+Tu6frNYqaGvWQVqw==",
            "primary_blob_connection_string": "DefaultEndpointsProtocol=https;BlobEndpoint=https://exterraformiaas.blob.core.windows.net/;AccountName=exterraformiaas;AccountKey=2ZEVX2PzvhkylbQMLqPcM7j4BQszGTh5XDJzudki6PClbgb9SGT0UCoH/UllvXQcKQj+Y+Tu6frNYqaGvWQVqw==",
            "primary_blob_endpoint": "https://exterraformiaas.blob.core.windows.net/",
            "primary_blob_host": "exterraformiaas.blob.core.windows.net",
            "primary_connection_string": "DefaultEndpointsProtocol=https;AccountName=exterraformiaas;AccountKey=2ZEVX2PzvhkylbQMLqPcM7j4BQszGTh5XDJzudki6PClbgb9SGT0UCoH/UllvXQcKQj+Y+Tu6frNYqaGvWQVqw==;EndpointSuffix=core.windows.net",
            "primary_dfs_endpoint": "https://exterraformiaas.dfs.core.windows.net/",
            "primary_dfs_host": "exterraformiaas.dfs.core.windows.net",
            "primary_file_endpoint": "https://exterraformiaas.file.core.windows.net/",
            "primary_file_host": "exterraformiaas.file.core.windows.net",
            "primary_location": "brazilsouth",
            "primary_queue_endpoint": "https://exterraformiaas.queue.core.windows.net/",
            "primary_queue_host": "exterraformiaas.queue.core.windows.net",
            "primary_table_endpoint": "https://exterraformiaas.table.core.windows.net/",
            "primary_table_host": "exterraformiaas.table.core.windows.net",
            "primary_web_endpoint": "https://exterraformiaas.z15.web.core.windows.net/",
            "primary_web_host": "exterraformiaas.z15.web.core.windows.net",
            "queue_encryption_key_type": "Service",
            "queue_properties": [
              {
                "cors_rule": [],
                "hour_metrics": [
                  {
                    "enabled": true,
                    "include_apis": true,
                    "retention_policy_days": 7,
                    "version": "1.0"
                  }
                ],
                "logging": [
                  {
                    "delete": false,
                    "read": false,
                    "retention_policy_days": 0,
                    "version": "1.0",
                    "write": false
                  }
                ],
                "minute_metrics": [
                  {
                    "enabled": false,
                    "include_apis": false,
                    "retention_policy_days": 0,
                    "version": "1.0"
                  }
                ]
              }
            ],
            "resource_group_name": "exTerraformIaaS",
            "routing": [],
            "secondary_access_key": "Qu6tWcltWYwaWsS+VLr7Vg20uZJmcfkmOkK6/BsyQLsGLtGYF4y1e8EVyW4yO8/r8meCP7Rdz+hIx3lAlXAJCA==",
            "secondary_blob_connection_string": "",
            "secondary_blob_endpoint": null,
            "secondary_blob_host": null,
            "secondary_connection_string": "DefaultEndpointsProtocol=https;AccountName=exterraformiaas;AccountKey=Qu6tWcltWYwaWsS+VLr7Vg20uZJmcfkmOkK6/BsyQLsGLtGYF4y1e8EVyW4yO8/r8meCP7Rdz+hIx3lAlXAJCA==;EndpointSuffix=core.windows.net",
            "secondary_dfs_endpoint": null,
            "secondary_dfs_host": null,
            "secondary_file_endpoint": null,
            "secondary_file_host": null,
            "secondary_location": "",
            "secondary_queue_endpoint": null,
            "secondary_queue_host": null,
            "secondary_table_endpoint": null,
            "secondary_table_host": null,
            "secondary_web_endpoint": null,
            "secondary_web_host": null,
            "share_properties": [
              {
                "cors_rule": [],
                "retention_policy": [
                  {
                    "days": 7
                  }
                ],
                "smb": []
              }
            ],
            "shared_access_key_enabled": true,
            "static_website": [],
            "table_encryption_key_type": "Service",
            "tags": null,
            "timeouts": null
          },
          "sensitive_attributes": [],
          "private": "eyJlMmJmYjczMC1lY2FhLTExZTYtOGY4OC0zNDM2M2JjN2M0YzAiOnsiY3JlYXRlIjozNjAwMDAwMDAwMDAwLCJkZWxldGUiOjM2MDAwMDAwMDAwMDAsInJlYWQiOjMwMDAwMDAwMDAwMCwidXBkYXRlIjozNjAwMDAwMDAwMDAwfSwic2NoZW1hX3ZlcnNpb24iOiIzIn0=",
          "dependencies": [
            "azurerm_resource_group.rg-exTerraformIaaS"
          ]
        }
      ]
    },
    {
      "mode": "managed",
      "type": "azurerm_subnet",
      "name": "sn-exTerraformIaaS",
      "provider": "provider[\"registry.terraform.io/hashicorp/azurerm\"]",
      "instances": [
        {
          "schema_version": 0,
          "attributes": {
            "address_prefixes": [
              "10.0.1.0/24"
            ],
            "delegation": [],
            "enforce_private_link_endpoint_network_policies": false,
            "enforce_private_link_service_network_policies": false,
            "id": "/subscriptions/daea7f70-75e9-403a-90e2-4cd0fd20a08b/resourceGroups/exTerraformIaaS/providers/Microsoft.Network/virtualNetworks/virtualNetwork/subnets/subNet",
            "name": "subNet",
            "resource_group_name": "exTerraformIaaS",
            "service_endpoint_policy_ids": null,
            "service_endpoints": null,
            "timeouts": null,
            "virtual_network_name": "virtualNetwork"
          },
          "sensitive_attributes": [],
          "private": "eyJlMmJmYjczMC1lY2FhLTExZTYtOGY4OC0zNDM2M2JjN2M0YzAiOnsiY3JlYXRlIjoxODAwMDAwMDAwMDAwLCJkZWxldGUiOjE4MDAwMDAwMDAwMDAsInJlYWQiOjMwMDAwMDAwMDAwMCwidXBkYXRlIjoxODAwMDAwMDAwMDAwfX0=",
          "dependencies": [
            "azurerm_resource_group.rg-exTerraformIaaS",
            "azurerm_virtual_network.vn-exTerraformIaaS"
          ]
        }
      ]
    },
    {
      "mode": "managed",
      "type": "azurerm_virtual_network",
      "name": "vn-exTerraformIaaS",
      "provider": "provider[\"registry.terraform.io/hashicorp/azurerm\"]",
      "instances": [
        {
          "schema_version": 0,
          "attributes": {
            "address_space": [
              "10.0.0.0/16"
            ],
            "bgp_community": "",
            "ddos_protection_plan": [],
            "dns_servers": [
              "8.8.8.8",
              "8.8.4.4"
            ],
            "edge_zone": "",
            "flow_timeout_in_minutes": 0,
            "guid": "b9dd0aba-20c6-40b7-83f8-7357f059b66d",
            "id": "/subscriptions/daea7f70-75e9-403a-90e2-4cd0fd20a08b/resourceGroups/exTerraformIaaS/providers/Microsoft.Network/virtualNetworks/virtualNetwork",
            "location": "brazilsouth",
            "name": "virtualNetwork",
            "resource_group_name": "exTerraformIaaS",
            "subnet": [],
            "tags": {
              "aula": "2",
              "exercicio": "TerraformIaaS"
            },
            "timeouts": null
          },
          "sensitive_attributes": [],
          "private": "eyJlMmJmYjczMC1lY2FhLTExZTYtOGY4OC0zNDM2M2JjN2M0YzAiOnsiY3JlYXRlIjoxODAwMDAwMDAwMDAwLCJkZWxldGUiOjE4MDAwMDAwMDAwMDAsInJlYWQiOjMwMDAwMDAwMDAwMCwidXBkYXRlIjoxODAwMDAwMDAwMDAwfX0=",
          "dependencies": [
            "azurerm_resource_group.rg-exTerraformIaaS"
          ]
        }
      ]
    },
    {
      "mode": "managed",
      "type": "null_resource",
      "name": "install-webserver",
      "provider": "provider[\"registry.terraform.io/hashicorp/null\"]",
      "instances": [
        {
          "schema_version": 0,
          "attributes": {
            "id": "5111952800611386099",
            "triggers": null
          },
          "sensitive_attributes": [],
          "private": "bnVsbA==",
          "dependencies": [
            "azurerm_linux_virtual_machine.vm-exTerraformIaaS",
            "azurerm_network_interface.ni-exTerraformIaaS",
            "azurerm_public_ip.ip-exTerraformIaaS",
            "azurerm_resource_group.rg-exTerraformIaaS",
            "azurerm_storage_account.sa-exTerraformIaaS",
            "azurerm_subnet.sn-exTerraformIaaS",
            "azurerm_virtual_network.vn-exTerraformIaaS",
            "data.azurerm_public_ip.ip-exTerraformIaaS-data"
          ]
        }
      ]
    }
  ]
}
